
Microsoft Visual Studio Solution File, Format Version 12.00
# Visual Studio Version 16
VisualStudioVersion = 16.0.30523.141
MinimumVisualStudioVersion = 10.0.40219.1
Project("{FAE04EC0-301F-11D3-BF4B-00C04F79EFBC}") = "QLTKNGANHANG", "QLTKNGANHANG\QLTKNGANHANG.csproj", "{1160FF10-6D36-4CB3-8C5A-F8FDB1FB2A85}"
EndProject
Global
	GlobalSection(SolutionConfigurationPlatforms) = preSolution
		Debug|Any CPU = Debug|Any CPU
		Release|Any CPU = Release|Any CPU
	EndGlobalSection
	GlobalSection(ProjectConfigurationPlatforms) = postSolution
		{1160FF10-6D36-4CB3-8C5A-F8FDB1FB2A85}.Debug|Any CPU.ActiveCfg = Debug|Any CPU
		{1160FF10-6D36-4CB3-8C5A-F8FDB1FB2A85}.Debug|Any CPU.Build.0 = Debug|Any CPU
		{1160FF10-6D36-4CB3-8C5A-F8FDB1FB2A85}.Release|Any CPU.ActiveCfg = Release|Any CPU
		{1160FF10-6D36-4CB3-8C5A-F8FDB1FB2A85}.Release|Any CPU.Build.0 = Release|Any CPU
	EndGlobalSection
	GlobalSection(SolutionProperties) = preSolution
		HideSolutionNode = FALSE
	EndGlobalSection
	GlobalSection(ExtensibilityGlobals) = postSolution
		SolutionGuid = {362B699B-F3E8-47E6-B01A-B31E9341FB5C}
	EndGlobalSection
EndGlobal
